
Microsoft Visual Studio Solution File, Format Version 12.00
# Visual Studio Version 17
VisualStudioVersion = 17.5.002.0
MinimumVisualStudioVersion = 10.0.40219.1
Project("{9A19103F-16F7-4668-BE54-9A1E7A4F7556}") = "Umbrella", "Umbrella.csproj", "{0584A540-1327-4CDC-893F-72BF7355DD22}"
EndProject
Global
	GlobalSection(SolutionConfigurationPlatforms) = preSolution
		Debug|Any CPU = Debug|Any CPU
		Release|Any CPU = Release|Any CPU
	EndGlobalSection
	GlobalSection(ProjectConfigurationPlatforms) = postSolution
		{0584A540-1327-4CDC-893F-72BF7355DD22}.Debug|Any CPU.ActiveCfg = Debug|Any CPU
		{0584A540-1327-4CDC-893F-72BF7355DD22}.Debug|Any CPU.Build.0 = Debug|Any CPU
		{0584A540-1327-4CDC-893F-72BF7355DD22}.Release|Any CPU.ActiveCfg = Release|Any CPU
		{0584A540-1327-4CDC-893F-72BF7355DD22}.Release|Any CPU.Build.0 = Release|Any CPU
	EndGlobalSection
	GlobalSection(SolutionProperties) = preSolution
		HideSolutionNode = FALSE
	EndGlobalSection
	GlobalSection(ExtensibilityGlobals) = postSolution
		SolutionGuid = {22B0A36B-92D1-44DD-905E-97816BBBC50C}
	EndGlobalSection
EndGlobal
